
Microsoft Visual Studio Solution File, Format Version 11.00
# Visual Studio 2010
Project("{FAE04EC0-301F-11D3-BF4B-00C04F79EFBC}") = "SimpleCC", "SimpleCC.csproj", "{B9530F19-1D86-45FF-8701-8DEAD4A94275}"
EndProject
Project("{FAE04EC0-301F-11D3-BF4B-00C04F79EFBC}") = "XPath2", "..\XPath2\XPath2.csproj", "{6B578367-98D5-4231-AD46-80759ED8EE72}"
EndProject
Project("{FAE04EC0-301F-11D3-BF4B-00C04F79EFBC}") = "XPath2Tests", "XPath2Tests\XPath2Tests.csproj", "{0789B360-0AD7-476E-9901-2142FE855E81}"
EndProject
Project("{2150E333-8FDC-42A3-9474-1A3956D46DE8}") = "Solution Items", "Solution Items", "{41E72DC2-28DF-4019-B8FD-209D0BB0D01A}"
	ProjectSection(SolutionItems) = preProject
		Local.testsettings = Local.testsettings
		SimpleCC.vsmdi = SimpleCC.vsmdi
		TraceAndTestImpact.testsettings = TraceAndTestImpact.testsettings
	EndProjectSection
EndProject
Project("{FAE04EC0-301F-11D3-BF4B-00C04F79EFBC}") = "SimpleConsoleTests", "SimpleConsoleTests\SimpleConsoleTests.csproj", "{586C3E5D-6F37-428E-AFF3-8BE803BAF7BE}"
EndProject
Global
	GlobalSection(TestCaseManagementSettings) = postSolution
		CategoryFile = SimpleCC.vsmdi
	EndGlobalSection
	GlobalSection(SolutionConfigurationPlatforms) = preSolution
		Debug|Any CPU = Debug|Any CPU
		Debug|Mixed Platforms = Debug|Mixed Platforms
		Debug|x86 = Debug|x86
		Release|Any CPU = Release|Any CPU
		Release|Mixed Platforms = Release|Mixed Platforms
		Release|x86 = Release|x86
	EndGlobalSection
	GlobalSection(ProjectConfigurationPlatforms) = postSolution
		{B9530F19-1D86-45FF-8701-8DEAD4A94275}.Debug|Any CPU.ActiveCfg = Debug|Any CPU
		{B9530F19-1D86-45FF-8701-8DEAD4A94275}.Debug|Any CPU.Build.0 = Debug|Any CPU
		{B9530F19-1D86-45FF-8701-8DEAD4A94275}.Debug|Mixed Platforms.ActiveCfg = Debug|Any CPU
		{B9530F19-1D86-45FF-8701-8DEAD4A94275}.Debug|Mixed Platforms.Build.0 = Debug|Any CPU
		{B9530F19-1D86-45FF-8701-8DEAD4A94275}.Debug|x86.ActiveCfg = Debug|Any CPU
		{B9530F19-1D86-45FF-8701-8DEAD4A94275}.Release|Any CPU.ActiveCfg = Release|Any CPU
		{B9530F19-1D86-45FF-8701-8DEAD4A94275}.Release|Any CPU.Build.0 = Release|Any CPU
		{B9530F19-1D86-45FF-8701-8DEAD4A94275}.Release|Mixed Platforms.ActiveCfg = Release|Any CPU
		{B9530F19-1D86-45FF-8701-8DEAD4A94275}.Release|Mixed Platforms.Build.0 = Release|Any CPU
		{B9530F19-1D86-45FF-8701-8DEAD4A94275}.Release|x86.ActiveCfg = Release|Any CPU
		{6B578367-98D5-4231-AD46-80759ED8EE72}.Debug|Any CPU.ActiveCfg = Debug|Any CPU
		{6B578367-98D5-4231-AD46-80759ED8EE72}.Debug|Any CPU.Build.0 = Debug|Any CPU
		{6B578367-98D5-4231-AD46-80759ED8EE72}.Debug|Mixed Platforms.ActiveCfg = Debug|Any CPU
		{6B578367-98D5-4231-AD46-80759ED8EE72}.Debug|Mixed Platforms.Build.0 = Debug|Any CPU
		{6B578367-98D5-4231-AD46-80759ED8EE72}.Debug|x86.ActiveCfg = Debug|Any CPU
		{6B578367-98D5-4231-AD46-80759ED8EE72}.Release|Any CPU.ActiveCfg = Release|Any CPU
		{6B578367-98D5-4231-AD46-80759ED8EE72}.Release|Any CPU.Build.0 = Release|Any CPU
		{6B578367-98D5-4231-AD46-80759ED8EE72}.Release|Mixed Platforms.ActiveCfg = Release|Any CPU
		{6B578367-98D5-4231-AD46-80759ED8EE72}.Release|Mixed Platforms.Build.0 = Release|Any CPU
		{6B578367-98D5-4231-AD46-80759ED8EE72}.Release|x86.ActiveCfg = Release|Any CPU
		{0789B360-0AD7-476E-9901-2142FE855E81}.Debug|Any CPU.ActiveCfg = Debug|Any CPU
		{0789B360-0AD7-476E-9901-2142FE855E81}.Debug|Any CPU.Build.0 = Debug|Any CPU
		{0789B360-0AD7-476E-9901-2142FE855E81}.Debug|Mixed Platforms.ActiveCfg = Debug|Any CPU
		{0789B360-0AD7-476E-9901-2142FE855E81}.Debug|Mixed Platforms.Build.0 = Debug|Any CPU
		{0789B360-0AD7-476E-9901-2142FE855E81}.Debug|x86.ActiveCfg = Debug|Any CPU
		{0789B360-0AD7-476E-9901-2142FE855E81}.Release|Any CPU.ActiveCfg = Release|Any CPU
		{0789B360-0AD7-476E-9901-2142FE855E81}.Release|Any CPU.Build.0 = Release|Any CPU
		{0789B360-0AD7-476E-9901-2142FE855E81}.Release|Mixed Platforms.ActiveCfg = Release|Any CPU
		{0789B360-0AD7-476E-9901-2142FE855E81}.Release|Mixed Platforms.Build.0 = Release|Any CPU
		{0789B360-0AD7-476E-9901-2142FE855E81}.Release|x86.ActiveCfg = Release|Any CPU
		{586C3E5D-6F37-428E-AFF3-8BE803BAF7BE}.Debug|Any CPU.ActiveCfg = Debug|x86
		{586C3E5D-6F37-428E-AFF3-8BE803BAF7BE}.Debug|Mixed Platforms.ActiveCfg = Debug|x86
		{586C3E5D-6F37-428E-AFF3-8BE803BAF7BE}.Debug|Mixed Platforms.Build.0 = Debug|x86
		{586C3E5D-6F37-428E-AFF3-8BE803BAF7BE}.Debug|x86.ActiveCfg = Debug|x86
		{586C3E5D-6F37-428E-AFF3-8BE803BAF7BE}.Debug|x86.Build.0 = Debug|x86
		{586C3E5D-6F37-428E-AFF3-8BE803BAF7BE}.Release|Any CPU.ActiveCfg = Release|x86
		{586C3E5D-6F37-428E-AFF3-8BE803BAF7BE}.Release|Mixed Platforms.ActiveCfg = Release|x86
		{586C3E5D-6F37-428E-AFF3-8BE803BAF7BE}.Release|Mixed Platforms.Build.0 = Release|x86
		{586C3E5D-6F37-428E-AFF3-8BE803BAF7BE}.Release|x86.ActiveCfg = Release|x86
		{586C3E5D-6F37-428E-AFF3-8BE803BAF7BE}.Release|x86.Build.0 = Release|x86
	EndGlobalSection
	GlobalSection(SolutionProperties) = preSolution
		HideSolutionNode = FALSE
	EndGlobalSection
EndGlobal
